# THIS IS AN AUTOGENERATED FILE. DO NOT EDIT THIS FILE DIRECTLY.
# yarn lockfile v1


"@types/jquery@~1.10":
  version "1.10.35"
  resolved "https://registry.yarnpkg.com/@types/jquery/-/jquery-1.10.35.tgz#4e5c2b1e5b3bf0b863efb8c5e70081f52e6c9518"
  integrity sha512-SVtqEcudm7yjkTwoRA1gC6CNMhGDdMx4Pg8BPdiqI7bXXdCn1BPmtxgeWYQOgDxrq53/5YTlhq5ULxBEAlWIBg==

"@types/node@>=11.9":
  version "14.0.5"
  resolved "https://registry.yarnpkg.com/@types/node/-/node-14.0.5.tgz#3d03acd3b3414cf67faf999aed11682ed121f22b"
  integrity sha512-90hiq6/VqtQgX8Sp0EzeIsv3r+ellbGj4URKj5j30tLlZvRUpnAe9YbYnjl3pJM93GyXU0tghHhvXHq+5rnCKA==

typescript@^3.8.3:
  version "3.9.2"
  resolved "https://registry.yarnpkg.com/typescript/-/typescript-3.9.2.tgz#64e9c8e9be6ea583c54607677dd4680a1cf35db9"
  integrity sha512-q2ktq4n/uLuNNShyayit+DTobV2ApPEo/6so68JaD5ojvc/6GClBipedB9zNWYxRSAlZXAe405Rlijzl6qDiSw==

ultimate-crosscode-typedefs@dmitmel/ultimate-crosscode-typedefs:
  version "0.0.1"
  resolved "https://codeload.github.com/dmitmel/ultimate-crosscode-typedefs/tar.gz/fed3fed0e3755a248c69ddbd0472ea3ec1c43adf"
  dependencies:
    "@types/jquery" "~1.10"
    "@types/node" ">=11.9"
