# THIS IS AN AUTOGENERATED FILE. DO NOT EDIT THIS FILE DIRECTLY.
# yarn lockfile v1


"@types/jquery@~1.10":
  version "1.10.35"
  resolved "https://registry.yarnpkg.com/@types/jquery/-/jquery-1.10.35.tgz#4e5c2b1e5b3bf0b863efb8c5e70081f52e6c9518"
  integrity sha512-SVtqEcudm7yjkTwoRA1gC6CNMhGDdMx4Pg8BPdiqI7bXXdCn1BPmtxgeWYQOgDxrq53/5YTlhq5ULxBEAlWIBg==

"@types/node@*":
  version "13.13.4"
  resolved "https://registry.yarnpkg.com/@types/node/-/node-13.13.4.tgz#1581d6c16e3d4803eb079c87d4ac893ee7501c2c"
  integrity sha512-x26ur3dSXgv5AwKS0lNfbjpCakGIduWU1DU91Zz58ONRWrIKGunmZBNv4P7N+e27sJkiGDsw/3fT4AtsqQBrBA==

"@types/nw.js@~0.13":
  version "0.13.9"
  resolved "https://registry.yarnpkg.com/@types/nw.js/-/nw.js-0.13.9.tgz#897f335eea884750562691ddee4d209d9828f8c0"
  integrity sha512-OxpYKOFJsn8ZGdCTfssbx01PKW5DGg0gPwHWAU2C32GFu8WeMU/qTplI6SwirNZh/4ypmo6N6w2FrUO8m6iDxA==
  dependencies:
    "@types/node" "*"

typescript@^3.8.3:
  version "3.8.3"
  resolved "https://registry.yarnpkg.com/typescript/-/typescript-3.8.3.tgz#409eb8544ea0335711205869ec458ab109ee1061"
  integrity sha512-MYlEfn5VrLNsgudQTVJeNaQFUAI7DkhnOjdpAp4T+ku1TfQClewlbSuTVHiA+8skNBgaf02TL/kLOvig4y3G8w==

ultimate-crosscode-typedefs@dmitmel/ultimate-crosscode-typedefs:
  version "0.0.1"
  resolved "https://codeload.github.com/dmitmel/ultimate-crosscode-typedefs/tar.gz/d612dd861da17bc27a0f50e6fc086e83c5225b78"
  dependencies:
    "@types/jquery" "~1.10"
    "@types/node" "*"
    "@types/nw.js" "~0.13"
