# THIS IS AN AUTOGENERATED FILE. DO NOT EDIT THIS FILE DIRECTLY.
# yarn lockfile v1


"@types/jquery@~1.10":
  version "1.10.35"
  resolved "https://registry.yarnpkg.com/@types/jquery/-/jquery-1.10.35.tgz#4e5c2b1e5b3bf0b863efb8c5e70081f52e6c9518"
  integrity sha512-SVtqEcudm7yjkTwoRA1gC6CNMhGDdMx4Pg8BPdiqI7bXXdCn1BPmtxgeWYQOgDxrq53/5YTlhq5ULxBEAlWIBg==

"@types/node@>=11.9":
  version "14.0.14"
  resolved "https://registry.yarnpkg.com/@types/node/-/node-14.0.14.tgz#24a0b5959f16ac141aeb0c5b3cd7a15b7c64cbce"
  integrity sha512-syUgf67ZQpaJj01/tRTknkMNoBBLWJOBODF0Zm4NrXmiSuxjymFrxnTu1QVYRubhVkRcZLYZG8STTwJRdVm/WQ==

"@types/semver@^6.2.0":
  version "6.2.1"
  resolved "https://registry.yarnpkg.com/@types/semver/-/semver-6.2.1.tgz#a236185670a7860f1597cf73bea2e16d001461ba"
  integrity sha512-+beqKQOh9PYxuHvijhVl+tIHvT6tuwOrE9m14zd+MT2A38KoKZhh7pYJ0SNleLtwDsiIxHDsIk9bv01oOxvSvA==

"typescript@^3.8.3 <=3.9.2":
  version "3.9.2"
  resolved "https://registry.yarnpkg.com/typescript/-/typescript-3.9.2.tgz#64e9c8e9be6ea583c54607677dd4680a1cf35db9"
  integrity sha512-q2ktq4n/uLuNNShyayit+DTobV2ApPEo/6so68JaD5ojvc/6GClBipedB9zNWYxRSAlZXAe405Rlijzl6qDiSw==

ultimate-crosscode-typedefs@dmitmel/ultimate-crosscode-typedefs:
  version "0.0.1"
  resolved "https://codeload.github.com/dmitmel/ultimate-crosscode-typedefs/tar.gz/4826ca364fde35bb2d72835767ae01031ed31db4"
  dependencies:
    "@types/jquery" "~1.10"
    "@types/node" ">=11.9"
    "@types/semver" "^6.2.0"
